
Microsoft Visual Studio Solution File, Format Version 12.00
# Visual Studio Version 17
VisualStudioVersion = 17.7.34202.233
MinimumVisualStudioVersion = 10.0.40219.1
Project("{FAE04EC0-301F-11D3-BF4B-00C04F79EFBC}") = "ImageToPdfAPI", "ImageToPdfAPI.csproj", "{5E842AF4-D535-42D6-881C-917969438B4C}"
EndProject
Global
	GlobalSection(SolutionConfigurationPlatforms) = preSolution
		Debug|Any CPU = Debug|Any CPU
		Release|Any CPU = Release|Any CPU
	EndGlobalSection
	GlobalSection(ProjectConfigurationPlatforms) = postSolution
		{5E842AF4-D535-42D6-881C-917969438B4C}.Debug|Any CPU.ActiveCfg = Debug|Any CPU
		{5E842AF4-D535-42D6-881C-917969438B4C}.Debug|Any CPU.Build.0 = Debug|Any CPU
		{5E842AF4-D535-42D6-881C-917969438B4C}.Release|Any CPU.ActiveCfg = Release|Any CPU
		{5E842AF4-D535-42D6-881C-917969438B4C}.Release|Any CPU.Build.0 = Release|Any CPU
	EndGlobalSection
	GlobalSection(SolutionProperties) = preSolution
		HideSolutionNode = FALSE
	EndGlobalSection
	GlobalSection(ExtensibilityGlobals) = postSolution
		SolutionGuid = {78E39535-C067-4812-8431-31A46FB08E59}
	EndGlobalSection
EndGlobal
